
Microsoft Visual Studio Solution File, Format Version 12.00
# Visual Studio Version 17
VisualStudioVersion = 17.9.34728.123
MinimumVisualStudioVersion = 10.0.40219.1
Project("{FAE04EC0-301F-11D3-BF4B-00C04F79EFBC}") = "MyCustomCommand", "MyCustomCommand.csproj", "{71DDD458-4C40-4479-AD44-157CC0946D94}"
EndProject
Global
	GlobalSection(SolutionConfigurationPlatforms) = preSolution
		Debug|Any CPU = Debug|Any CPU
		Release|Any CPU = Release|Any CPU
	EndGlobalSection
	GlobalSection(ProjectConfigurationPlatforms) = postSolution
		{71DDD458-4C40-4479-AD44-157CC0946D94}.Debug|Any CPU.ActiveCfg = Debug|Any CPU
		{71DDD458-4C40-4479-AD44-157CC0946D94}.Debug|Any CPU.Build.0 = Debug|Any CPU
		{71DDD458-4C40-4479-AD44-157CC0946D94}.Release|Any CPU.ActiveCfg = Release|Any CPU
		{71DDD458-4C40-4479-AD44-157CC0946D94}.Release|Any CPU.Build.0 = Release|Any CPU
	EndGlobalSection
	GlobalSection(SolutionProperties) = preSolution
		HideSolutionNode = FALSE
	EndGlobalSection
	GlobalSection(ExtensibilityGlobals) = postSolution
		SolutionGuid = {A4D8F6BD-4EE6-4CE4-8330-1DCB79D28920}
	EndGlobalSection
EndGlobal
